
Microsoft Visual Studio Solution File, Format Version 12.00
# Visual Studio Version 17
VisualStudioVersion = 17.0.32014.148
MinimumVisualStudioVersion = 10.0.40219.1
Project("{FAE04EC0-301F-11D3-BF4B-00C04F79EFBC}") = "EthanFramework.Bc", "EthanFramework.Bc\EthanFramework.Bc.csproj", "{CAEB4F0D-7C54-4E3B-9919-DD1ED936C5E7}"
EndProject
Project("{FAE04EC0-301F-11D3-BF4B-00C04F79EFBC}") = "EthanFramework.Data", "EthanFramework.Data\EthanFramework.Data.csproj", "{5CCB9F57-172E-4E19-8B27-289BB61034E4}"
EndProject
Global
	GlobalSection(SolutionConfigurationPlatforms) = preSolution
		Debug|Any CPU = Debug|Any CPU
		Release|Any CPU = Release|Any CPU
	EndGlobalSection
	GlobalSection(ProjectConfigurationPlatforms) = postSolution
		{CAEB4F0D-7C54-4E3B-9919-DD1ED936C5E7}.Debug|Any CPU.ActiveCfg = Debug|Any CPU
		{CAEB4F0D-7C54-4E3B-9919-DD1ED936C5E7}.Debug|Any CPU.Build.0 = Debug|Any CPU
		{CAEB4F0D-7C54-4E3B-9919-DD1ED936C5E7}.Release|Any CPU.ActiveCfg = Release|Any CPU
		{CAEB4F0D-7C54-4E3B-9919-DD1ED936C5E7}.Release|Any CPU.Build.0 = Release|Any CPU
		{5CCB9F57-172E-4E19-8B27-289BB61034E4}.Debug|Any CPU.ActiveCfg = Debug|Any CPU
		{5CCB9F57-172E-4E19-8B27-289BB61034E4}.Debug|Any CPU.Build.0 = Debug|Any CPU
		{5CCB9F57-172E-4E19-8B27-289BB61034E4}.Release|Any CPU.ActiveCfg = Release|Any CPU
		{5CCB9F57-172E-4E19-8B27-289BB61034E4}.Release|Any CPU.Build.0 = Release|Any CPU
	EndGlobalSection
	GlobalSection(SolutionProperties) = preSolution
		HideSolutionNode = FALSE
	EndGlobalSection
	GlobalSection(ExtensibilityGlobals) = postSolution
		SolutionGuid = {72B76221-F5B3-4189-98C8-456ECD19879B}
	EndGlobalSection
EndGlobal
